
Microsoft Visual Studio Solution File, Format Version 12.00
# Visual Studio Version 17
VisualStudioVersion = 17.3.32929.385
MinimumVisualStudioVersion = 10.0.40219.1
Project("{FAE04EC0-301F-11D3-BF4B-00C04F79EFBC}") = "ProcessamentoDeDados", "ProcessamentoDeDados\ProcessamentoDeDados.csproj", "{A7F53B97-9B0B-4CF8-B06F-6F7556D25847}"
EndProject
Global
	GlobalSection(SolutionConfigurationPlatforms) = preSolution
		Debug|Any CPU = Debug|Any CPU
		Release|Any CPU = Release|Any CPU
	EndGlobalSection
	GlobalSection(ProjectConfigurationPlatforms) = postSolution
		{A7F53B97-9B0B-4CF8-B06F-6F7556D25847}.Debug|Any CPU.ActiveCfg = Debug|Any CPU
		{A7F53B97-9B0B-4CF8-B06F-6F7556D25847}.Debug|Any CPU.Build.0 = Debug|Any CPU
		{A7F53B97-9B0B-4CF8-B06F-6F7556D25847}.Release|Any CPU.ActiveCfg = Release|Any CPU
		{A7F53B97-9B0B-4CF8-B06F-6F7556D25847}.Release|Any CPU.Build.0 = Release|Any CPU
	EndGlobalSection
	GlobalSection(SolutionProperties) = preSolution
		HideSolutionNode = FALSE
	EndGlobalSection
	GlobalSection(ExtensibilityGlobals) = postSolution
		SolutionGuid = {34570CD0-AAC3-4FB4-BFD3-45A4133B1E7F}
	EndGlobalSection
EndGlobal
