
Microsoft Visual Studio Solution File, Format Version 12.00
# Visual Studio Version 17
VisualStudioVersion = 17.4.33213.308
MinimumVisualStudioVersion = 10.0.40219.1
Project("{FAE04EC0-301F-11D3-BF4B-00C04F79EFBC}") = "Aula37", "Aula37\Aula37.csproj", "{F95B7C15-F9AD-4F86-879A-40C8324D6D01}"
EndProject
Global
	GlobalSection(SolutionConfigurationPlatforms) = preSolution
		Debug|Any CPU = Debug|Any CPU
		Release|Any CPU = Release|Any CPU
	EndGlobalSection
	GlobalSection(ProjectConfigurationPlatforms) = postSolution
		{F95B7C15-F9AD-4F86-879A-40C8324D6D01}.Debug|Any CPU.ActiveCfg = Debug|Any CPU
		{F95B7C15-F9AD-4F86-879A-40C8324D6D01}.Debug|Any CPU.Build.0 = Debug|Any CPU
		{F95B7C15-F9AD-4F86-879A-40C8324D6D01}.Release|Any CPU.ActiveCfg = Release|Any CPU
		{F95B7C15-F9AD-4F86-879A-40C8324D6D01}.Release|Any CPU.Build.0 = Release|Any CPU
	EndGlobalSection
	GlobalSection(SolutionProperties) = preSolution
		HideSolutionNode = FALSE
	EndGlobalSection
	GlobalSection(ExtensibilityGlobals) = postSolution
		SolutionGuid = {DBEF50C2-6303-44D1-A779-1EAA5F987438}
	EndGlobalSection
EndGlobal
